
Microsoft Visual Studio Solution File, Format Version 12.00
# Visual Studio 15
VisualStudioVersion = 15.0.28307.329
MinimumVisualStudioVersion = 10.0.40219.1
Project("{FAE04EC0-301F-11D3-BF4B-00C04F79EFBC}") = "Task4", "Task4\Task4.csproj", "{2488FF5A-0427-4AE8-BC44-0CF6EB0CBA9D}"
EndProject
Global
	GlobalSection(SolutionConfigurationPlatforms) = preSolution
		Debug|Any CPU = Debug|Any CPU
		Release|Any CPU = Release|Any CPU
	EndGlobalSection
	GlobalSection(ProjectConfigurationPlatforms) = postSolution
		{2488FF5A-0427-4AE8-BC44-0CF6EB0CBA9D}.Debug|Any CPU.ActiveCfg = Debug|Any CPU
		{2488FF5A-0427-4AE8-BC44-0CF6EB0CBA9D}.Debug|Any CPU.Build.0 = Debug|Any CPU
		{2488FF5A-0427-4AE8-BC44-0CF6EB0CBA9D}.Release|Any CPU.ActiveCfg = Release|Any CPU
		{2488FF5A-0427-4AE8-BC44-0CF6EB0CBA9D}.Release|Any CPU.Build.0 = Release|Any CPU
	EndGlobalSection
	GlobalSection(SolutionProperties) = preSolution
		HideSolutionNode = FALSE
	EndGlobalSection
	GlobalSection(ExtensibilityGlobals) = postSolution
		SolutionGuid = {766055FC-5858-42B2-908F-0C654D387727}
	EndGlobalSection
EndGlobal
