
Microsoft Visual Studio Solution File, Format Version 12.00
# Visual Studio 15
VisualStudioVersion = 15.0.28307.329
MinimumVisualStudioVersion = 10.0.40219.1
Project("{FAE04EC0-301F-11D3-BF4B-00C04F79EFBC}") = "Task2", "Task2\Task2.csproj", "{2EED3FDA-0162-44C9-A69F-2E48685901EF}"
EndProject
Global
	GlobalSection(SolutionConfigurationPlatforms) = preSolution
		Debug|Any CPU = Debug|Any CPU
		Release|Any CPU = Release|Any CPU
	EndGlobalSection
	GlobalSection(ProjectConfigurationPlatforms) = postSolution
		{2EED3FDA-0162-44C9-A69F-2E48685901EF}.Debug|Any CPU.ActiveCfg = Debug|Any CPU
		{2EED3FDA-0162-44C9-A69F-2E48685901EF}.Debug|Any CPU.Build.0 = Debug|Any CPU
		{2EED3FDA-0162-44C9-A69F-2E48685901EF}.Release|Any CPU.ActiveCfg = Release|Any CPU
		{2EED3FDA-0162-44C9-A69F-2E48685901EF}.Release|Any CPU.Build.0 = Release|Any CPU
	EndGlobalSection
	GlobalSection(SolutionProperties) = preSolution
		HideSolutionNode = FALSE
	EndGlobalSection
	GlobalSection(ExtensibilityGlobals) = postSolution
		SolutionGuid = {8FAA5D25-8AD1-4C03-B6A3-9CB0722538E6}
	EndGlobalSection
EndGlobal
